
Microsoft Visual Studio Solution File, Format Version 12.00
Project("{FAE04EC0-301F-11D3-BF4B-00C04F79EFBC}") = "ConsoleApp1", "ConsoleApp1\ConsoleApp1.csproj", "{B09F2E15-7106-48DB-9CCE-8B2B6ED60C82}"
EndProject
Global
	GlobalSection(SolutionConfigurationPlatforms) = preSolution
		Debug|Any CPU = Debug|Any CPU
		Release|Any CPU = Release|Any CPU
	EndGlobalSection
	GlobalSection(ProjectConfigurationPlatforms) = postSolution
		{B09F2E15-7106-48DB-9CCE-8B2B6ED60C82}.Debug|Any CPU.ActiveCfg = Debug|Any CPU
		{B09F2E15-7106-48DB-9CCE-8B2B6ED60C82}.Debug|Any CPU.Build.0 = Debug|Any CPU
		{B09F2E15-7106-48DB-9CCE-8B2B6ED60C82}.Release|Any CPU.ActiveCfg = Release|Any CPU
		{B09F2E15-7106-48DB-9CCE-8B2B6ED60C82}.Release|Any CPU.Build.0 = Release|Any CPU
	EndGlobalSection
EndGlobal
