
Microsoft Visual Studio Solution File, Format Version 12.00
Project("{FAE04EC0-301F-11D3-BF4B-00C04F79EFBC}") = "AvaloniaApplication1", "AvaloniaApplication1\AvaloniaApplication1.csproj", "{0197F5C9-7DC1-4083-80FA-9E8C0F09FDBF}"
EndProject
Global
	GlobalSection(SolutionConfigurationPlatforms) = preSolution
		Debug|Any CPU = Debug|Any CPU
		Release|Any CPU = Release|Any CPU
	EndGlobalSection
	GlobalSection(ProjectConfigurationPlatforms) = postSolution
		{0197F5C9-7DC1-4083-80FA-9E8C0F09FDBF}.Debug|Any CPU.ActiveCfg = Debug|Any CPU
		{0197F5C9-7DC1-4083-80FA-9E8C0F09FDBF}.Debug|Any CPU.Build.0 = Debug|Any CPU
		{0197F5C9-7DC1-4083-80FA-9E8C0F09FDBF}.Release|Any CPU.ActiveCfg = Release|Any CPU
		{0197F5C9-7DC1-4083-80FA-9E8C0F09FDBF}.Release|Any CPU.Build.0 = Release|Any CPU
	EndGlobalSection
EndGlobal
