
Microsoft Visual Studio Solution File, Format Version 12.00
Project("{FAE04EC0-301F-11D3-BF4B-00C04F79EFBC}") = "ConsoleApp2", "ConsoleApp2\ConsoleApp2.csproj", "{91E63845-6EBB-4E8C-82F4-1F147517060E}"
EndProject
Global
	GlobalSection(SolutionConfigurationPlatforms) = preSolution
		Debug|Any CPU = Debug|Any CPU
		Release|Any CPU = Release|Any CPU
	EndGlobalSection
	GlobalSection(ProjectConfigurationPlatforms) = postSolution
		{91E63845-6EBB-4E8C-82F4-1F147517060E}.Debug|Any CPU.ActiveCfg = Debug|Any CPU
		{91E63845-6EBB-4E8C-82F4-1F147517060E}.Debug|Any CPU.Build.0 = Debug|Any CPU
		{91E63845-6EBB-4E8C-82F4-1F147517060E}.Release|Any CPU.ActiveCfg = Release|Any CPU
		{91E63845-6EBB-4E8C-82F4-1F147517060E}.Release|Any CPU.Build.0 = Release|Any CPU
	EndGlobalSection
EndGlobal
